
Microsoft Visual Studio Solution File, Format Version 12.00
# Visual Studio 2012
Project("{8BC9CEB8-8B4A-11D0-8D11-00A0C91BC942}") = "users", "users\users.vcxproj", "{8E48BA7D-C51B-4A76-B19B-BFCAE134EBBC}"
EndProject
Global
	GlobalSection(SolutionConfigurationPlatforms) = preSolution
		Debug|Win32 = Debug|Win32
		Release|Win32 = Release|Win32
	EndGlobalSection
	GlobalSection(ProjectConfigurationPlatforms) = postSolution
		{8E48BA7D-C51B-4A76-B19B-BFCAE134EBBC}.Debug|Win32.ActiveCfg = Release|Win32
		{8E48BA7D-C51B-4A76-B19B-BFCAE134EBBC}.Debug|Win32.Build.0 = Release|Win32
		{8E48BA7D-C51B-4A76-B19B-BFCAE134EBBC}.Release|Win32.ActiveCfg = Release|Win32
		{8E48BA7D-C51B-4A76-B19B-BFCAE134EBBC}.Release|Win32.Build.0 = Release|Win32
		{8E48BA7D-C51B-4A76-B19B-BFCAE134EBBC}.Release|Win32.Deploy.0 = Release|Win32
	EndGlobalSection
	GlobalSection(SolutionProperties) = preSolution
		HideSolutionNode = FALSE
	EndGlobalSection
	GlobalSection(Performance) = preSolution
		HasPerformanceSessions = true
	EndGlobalSection
EndGlobal
